
Microsoft Visual Studio Solution File, Format Version 12.00
# Visual Studio Version 16
VisualStudioVersion = 16.0.31025.194
MinimumVisualStudioVersion = 10.0.40219.1
Project("{FAE04EC0-301F-11D3-BF4B-00C04F79EFBC}") = "On-Screen-Keyboard", "On-Screen-Keyboard\On-Screen-Keyboard.csproj", "{66FA185A-52D0-421F-BACD-FB0A02668724}"
EndProject
Global
	GlobalSection(SolutionConfigurationPlatforms) = preSolution
		Debug|Any CPU = Debug|Any CPU
		Release|Any CPU = Release|Any CPU
	EndGlobalSection
	GlobalSection(ProjectConfigurationPlatforms) = postSolution
		{66FA185A-52D0-421F-BACD-FB0A02668724}.Debug|Any CPU.ActiveCfg = Debug|Any CPU
		{66FA185A-52D0-421F-BACD-FB0A02668724}.Debug|Any CPU.Build.0 = Debug|Any CPU
		{66FA185A-52D0-421F-BACD-FB0A02668724}.Release|Any CPU.ActiveCfg = Release|Any CPU
		{66FA185A-52D0-421F-BACD-FB0A02668724}.Release|Any CPU.Build.0 = Release|Any CPU
	EndGlobalSection
	GlobalSection(SolutionProperties) = preSolution
		HideSolutionNode = FALSE
	EndGlobalSection
	GlobalSection(ExtensibilityGlobals) = postSolution
		SolutionGuid = {9ED649E7-30CA-4C7A-B00F-00A3EBE8E021}
	EndGlobalSection
EndGlobal
